{
  "name": "langflow-forecast",
  "lockfileVersion": 3,
  "requires": true,
  "packages": {
    "": {
      "dependencies": {
        "dom-to-svg": "^0.12.2",
        "html-to-image": "^1.11.13",
        "lucide-react": "^0.542.0",
        "modern-screenshot": "^4.6.6"
      }
    },
    "node_modules/dom-to-svg": {
      "version": "0.12.2",
      "resolved": "https://registry.npmjs.org/dom-to-svg/-/dom-to-svg-0.12.2.tgz",
      "integrity": "sha512-zVlswIYMj3669dUfErBszLcYOy+NzPEFhMezdzLVaqFcaj7VQecS0o8r9bqzBSczDtex2X/4HMZktFoj4EDqOA==",
      "license": "MIT",
      "dependencies": {
        "gradient-parser": "^1.0.2",
        "postcss": "^8.2.9",
        "postcss-value-parser": "^4.1.0"
      }
    },
    "node_modules/gradient-parser": {
      "version": "1.1.1",
      "resolved": "https://registry.npmjs.org/gradient-parser/-/gradient-parser-1.1.1.tgz",
      "integrity": "sha512-Hu0YfNU+38EsTmnUfLXUKFMXq9yz7htGYpF4x+dlbBhUCvIvzLt0yVLT/gJRmvLKFJdqNFrz4eKkIUjIXSr7Tw==",
      "engines": {
        "node": ">=0.10.0"
      }
    },
    "node_modules/html-to-image": {
      "version": "1.11.13",
      "resolved": "https://registry.npmjs.org/html-to-image/-/html-to-image-1.11.13.tgz",
      "integrity": "sha512-cuOPoI7WApyhBElTTb9oqsawRvZ0rHhaHwghRLlTuffoD1B2aDemlCruLeZrUIIdvG7gs9xeELEPm6PhuASqrg==",
      "license": "MIT"
    },
    "node_modules/lucide-react": {
      "version": "0.542.0",
      "resolved": "https://registry.npmjs.org/lucide-react/-/lucide-react-0.542.0.tgz",
      "integrity": "sha512-w3hD8/SQB7+lzU2r4VdFyzzOzKnUjTZIF/MQJGSSvni7Llewni4vuViRppfRAa2guOsY5k4jZyxw/i9DQHv+dw==",
      "license": "ISC",
      "peerDependencies": {
        "react": "^16.5.1 || ^17.0.0 || ^18.0.0 || ^19.0.0"
      }
    },
    "node_modules/modern-screenshot": {
      "version": "4.6.6",
      "resolved": "https://registry.npmjs.org/modern-screenshot/-/modern-screenshot-4.6.6.tgz",
      "integrity": "sha512-8tF0xEpe7yx37mK95UcIghSCWYeu628K2hLJl+ZNY2ANmRzYLlRLpquPHAQcL8keF6BoeEzTEw4GrgmUpGuZ8w==",
      "license": "MIT"
    },
    "node_modules/nanoid": {
      "version": "3.3.11",
      "resolved": "https://registry.npmjs.org/nanoid/-/nanoid-3.3.11.tgz",
      "integrity": "sha512-N8SpfPUnUp1bK+PMYW8qSWdl9U+wwNWI4QKxOYDy9JAro3WMX7p2OeVRF9v+347pnakNevPmiHhNmZ2HbFA76w==",
      "funding": [
        {
          "type": "github",
          "url": "https://github.com/sponsors/ai"
        }
      ],
      "license": "MIT",
      "bin": {
        "nanoid": "bin/nanoid.cjs"
      },
      "engines": {
        "node": "^10 || ^12 || ^13.7 || ^14 || >=15.0.1"
      }
    },
    "node_modules/picocolors": {
      "version": "1.1.1",
      "resolved": "https://registry.npmjs.org/picocolors/-/picocolors-1.1.1.tgz",
      "integrity": "sha512-xceH2snhtb5M9liqDsmEw56le376mTZkEX/jEb/RxNFyegNul7eNslCXP9FDj/Lcu0X8KEyMceP2ntpaHrDEVA==",
      "license": "ISC"
    },
    "node_modules/postcss": {
      "version": "8.5.6",
      "resolved": "https://registry.npmjs.org/postcss/-/postcss-8.5.6.tgz",
      "integrity": "sha512-3Ybi1tAuwAP9s0r1UQ2J4n5Y0G05bJkpUIO0/bI9MhwmD70S5aTWbXGBwxHrelT+XM1k6dM0pk+SwNkpTRN7Pg==",
      "funding": [
        {
          "type": "opencollective",
          "url": "https://opencollective.com/postcss/"
        },
        {
          "type": "tidelift",
          "url": "https://tidelift.com/funding/github/npm/postcss"
        },
        {
          "type": "github",
          "url": "https://github.com/sponsors/ai"
        }
      ],
      "license": "MIT",
      "dependencies": {
        "nanoid": "^3.3.11",
        "picocolors": "^1.1.1",
        "source-map-js": "^1.2.1"
      },
      "engines": {
        "node": "^10 || ^12 || >=14"
      }
    },
    "node_modules/postcss-value-parser": {
      "version": "4.2.0",
      "resolved": "https://registry.npmjs.org/postcss-value-parser/-/postcss-value-parser-4.2.0.tgz",
      "integrity": "sha512-1NNCs6uurfkVbeXG4S8JFT9t19m45ICnif8zWLd5oPSZ50QnwMfK+H3jv408d4jw/7Bttv5axS5IiHoLaVNHeQ==",
      "license": "MIT"
    },
    "node_modules/react": {
      "version": "19.1.1",
      "resolved": "https://registry.npmjs.org/react/-/react-19.1.1.tgz",
      "integrity": "sha512-w8nqGImo45dmMIfljjMwOGtbmC/mk4CMYhWIicdSflH91J9TyCyczcPFXJzrZ/ZXcgGRFeP6BU0BEJTw6tZdfQ==",
      "license": "MIT",
      "peer": true,
      "engines": {
        "node": ">=0.10.0"
      }
    },
    "node_modules/source-map-js": {
      "version": "1.2.1",
      "resolved": "https://registry.npmjs.org/source-map-js/-/source-map-js-1.2.1.tgz",
      "integrity": "sha512-UXWMKhLOwVKb728IUtQPXxfYU+usdybtUrK/8uGE8CQMvrhOpwvzDBwj0QhSL7MQc7vIsISBG8VQ8+IDQxpfQA==",
      "license": "BSD-3-Clause",
      "engines": {
        "node": ">=0.10.0"
      }
    }
  }
}
